
Microsoft Visual Studio Solution File, Format Version 12.00
# Visual Studio 15
VisualStudioVersion = 15.0.27130.2024
MinimumVisualStudioVersion = 10.0.40219.1
Project("{9A19103F-16F7-4668-BE54-9A1E7A4F7556}") = "Server.Updater", "Server.Updater\Server.Updater.csproj", "{FA813156-71DA-4BDA-8FDF-4E766CDD983E}"
EndProject
Project("{9A19103F-16F7-4668-BE54-9A1E7A4F7556}") = "Reborn.Utils", "Reborn.Utils\Reborn.Utils.csproj", "{536BBEEE-213F-4745-9777-5F3DFB784DF6}"
EndProject
Project("{9A19103F-16F7-4668-BE54-9A1E7A4F7556}") = "Server.Auth", "Server.Auth\Server.Auth.csproj", "{32FDF0A6-D3CD-40EB-BB8F-32B024C45711}"
EndProject
Project("{9A19103F-16F7-4668-BE54-9A1E7A4F7556}") = "Server.Lobby", "Server.Lobby\Server.Lobby.csproj", "{A7CABEAC-9EEA-4D5E-B470-F71E000022AB}"
EndProject
Project("{2150E333-8FDC-42A3-9474-1A3956D46DE8}") = "Server", "Server", "{2313E893-5295-4EA4-969F-2C13010DB009}"
EndProject
Project("{2150E333-8FDC-42A3-9474-1A3956D46DE8}") = "Tools", "Tools", "{0B9DE56A-0F22-4309-A1BF-9C171250C183}"
EndProject
Project("{2150E333-8FDC-42A3-9474-1A3956D46DE8}") = "Tests", "Tests", "{25F37D5C-8B4B-4CD3-B98C-3E94B5468C92}"
EndProject
Project("{2150E333-8FDC-42A3-9474-1A3956D46DE8}") = "Libs", "Libs", "{AB6AC156-DB31-442E-86E9-DD4F8B8B67B8}"
EndProject
Project("{9A19103F-16F7-4668-BE54-9A1E7A4F7556}") = "OnNet3D", "OnNet3D\OnNet3D.csproj", "{2CF826E8-F464-40F3-882A-DA12C0E05C15}"
EndProject
Project("{9A19103F-16F7-4668-BE54-9A1E7A4F7556}") = "Tools.ConfDecrypt", "Tools.ConfDecrypt\Tools.ConfDecrypt.csproj", "{8E834EE2-F9CE-4856-81B0-99E061D2DF4B}"
EndProject
Project("{9A19103F-16F7-4668-BE54-9A1E7A4F7556}") = "OnNet3D.Tests", "OnNet3D.Tests\OnNet3D.Tests.csproj", "{232968E4-D352-46F4-8FBF-202EC64E3C1F}"
EndProject
Project("{9A19103F-16F7-4668-BE54-9A1E7A4F7556}") = "Tools.PacketDecrypt", "Tools.PacketDecrypt\Tools.PacketDecrypt.csproj", "{FF50335F-3E41-482C-855E-7DED72E3D04D}"
EndProject
Global
	GlobalSection(SolutionConfigurationPlatforms) = preSolution
		Debug|Any CPU = Debug|Any CPU
		Release|Any CPU = Release|Any CPU
	EndGlobalSection
	GlobalSection(ProjectConfigurationPlatforms) = postSolution
		{FA813156-71DA-4BDA-8FDF-4E766CDD983E}.Debug|Any CPU.ActiveCfg = Debug|Any CPU
		{FA813156-71DA-4BDA-8FDF-4E766CDD983E}.Debug|Any CPU.Build.0 = Debug|Any CPU
		{FA813156-71DA-4BDA-8FDF-4E766CDD983E}.Release|Any CPU.ActiveCfg = Release|Any CPU
		{FA813156-71DA-4BDA-8FDF-4E766CDD983E}.Release|Any CPU.Build.0 = Release|Any CPU
		{536BBEEE-213F-4745-9777-5F3DFB784DF6}.Debug|Any CPU.ActiveCfg = Debug|Any CPU
		{536BBEEE-213F-4745-9777-5F3DFB784DF6}.Debug|Any CPU.Build.0 = Debug|Any CPU
		{536BBEEE-213F-4745-9777-5F3DFB784DF6}.Release|Any CPU.ActiveCfg = Release|Any CPU
		{536BBEEE-213F-4745-9777-5F3DFB784DF6}.Release|Any CPU.Build.0 = Release|Any CPU
		{32FDF0A6-D3CD-40EB-BB8F-32B024C45711}.Debug|Any CPU.ActiveCfg = Debug|Any CPU
		{32FDF0A6-D3CD-40EB-BB8F-32B024C45711}.Debug|Any CPU.Build.0 = Debug|Any CPU
		{32FDF0A6-D3CD-40EB-BB8F-32B024C45711}.Release|Any CPU.ActiveCfg = Release|Any CPU
		{32FDF0A6-D3CD-40EB-BB8F-32B024C45711}.Release|Any CPU.Build.0 = Release|Any CPU
		{A7CABEAC-9EEA-4D5E-B470-F71E000022AB}.Debug|Any CPU.ActiveCfg = Debug|Any CPU
		{A7CABEAC-9EEA-4D5E-B470-F71E000022AB}.Debug|Any CPU.Build.0 = Debug|Any CPU
		{A7CABEAC-9EEA-4D5E-B470-F71E000022AB}.Release|Any CPU.ActiveCfg = Release|Any CPU
		{A7CABEAC-9EEA-4D5E-B470-F71E000022AB}.Release|Any CPU.Build.0 = Release|Any CPU
		{2CF826E8-F464-40F3-882A-DA12C0E05C15}.Debug|Any CPU.ActiveCfg = Debug|Any CPU
		{2CF826E8-F464-40F3-882A-DA12C0E05C15}.Debug|Any CPU.Build.0 = Debug|Any CPU
		{2CF826E8-F464-40F3-882A-DA12C0E05C15}.Release|Any CPU.ActiveCfg = Release|Any CPU
		{2CF826E8-F464-40F3-882A-DA12C0E05C15}.Release|Any CPU.Build.0 = Release|Any CPU
		{8E834EE2-F9CE-4856-81B0-99E061D2DF4B}.Debug|Any CPU.ActiveCfg = Debug|Any CPU
		{8E834EE2-F9CE-4856-81B0-99E061D2DF4B}.Debug|Any CPU.Build.0 = Debug|Any CPU
		{8E834EE2-F9CE-4856-81B0-99E061D2DF4B}.Release|Any CPU.ActiveCfg = Release|Any CPU
		{8E834EE2-F9CE-4856-81B0-99E061D2DF4B}.Release|Any CPU.Build.0 = Release|Any CPU
		{232968E4-D352-46F4-8FBF-202EC64E3C1F}.Debug|Any CPU.ActiveCfg = Debug|Any CPU
		{232968E4-D352-46F4-8FBF-202EC64E3C1F}.Debug|Any CPU.Build.0 = Debug|Any CPU
		{232968E4-D352-46F4-8FBF-202EC64E3C1F}.Release|Any CPU.ActiveCfg = Release|Any CPU
		{232968E4-D352-46F4-8FBF-202EC64E3C1F}.Release|Any CPU.Build.0 = Release|Any CPU
		{FF50335F-3E41-482C-855E-7DED72E3D04D}.Debug|Any CPU.ActiveCfg = Debug|Any CPU
		{FF50335F-3E41-482C-855E-7DED72E3D04D}.Debug|Any CPU.Build.0 = Debug|Any CPU
		{FF50335F-3E41-482C-855E-7DED72E3D04D}.Release|Any CPU.ActiveCfg = Release|Any CPU
		{FF50335F-3E41-482C-855E-7DED72E3D04D}.Release|Any CPU.Build.0 = Release|Any CPU
	EndGlobalSection
	GlobalSection(SolutionProperties) = preSolution
		HideSolutionNode = FALSE
	EndGlobalSection
	GlobalSection(NestedProjects) = preSolution
		{FA813156-71DA-4BDA-8FDF-4E766CDD983E} = {2313E893-5295-4EA4-969F-2C13010DB009}
		{536BBEEE-213F-4745-9777-5F3DFB784DF6} = {AB6AC156-DB31-442E-86E9-DD4F8B8B67B8}
		{32FDF0A6-D3CD-40EB-BB8F-32B024C45711} = {2313E893-5295-4EA4-969F-2C13010DB009}
		{A7CABEAC-9EEA-4D5E-B470-F71E000022AB} = {2313E893-5295-4EA4-969F-2C13010DB009}
		{2CF826E8-F464-40F3-882A-DA12C0E05C15} = {AB6AC156-DB31-442E-86E9-DD4F8B8B67B8}
		{8E834EE2-F9CE-4856-81B0-99E061D2DF4B} = {0B9DE56A-0F22-4309-A1BF-9C171250C183}
		{232968E4-D352-46F4-8FBF-202EC64E3C1F} = {25F37D5C-8B4B-4CD3-B98C-3E94B5468C92}
		{FF50335F-3E41-482C-855E-7DED72E3D04D} = {0B9DE56A-0F22-4309-A1BF-9C171250C183}
	EndGlobalSection
	GlobalSection(ExtensibilityGlobals) = postSolution
		SolutionGuid = {DE75E211-1417-4F83-A505-570A7111E81D}
	EndGlobalSection
EndGlobal
