
Microsoft Visual Studio Solution File, Format Version 12.00
# Visual Studio 15
VisualStudioVersion = 15.0.27130.2024
MinimumVisualStudioVersion = 10.0.40219.1
Project("{9A19103F-16F7-4668-BE54-9A1E7A4F7556}") = "Server.Updater", "Server.Updater\Server.Updater.csproj", "{FA813156-71DA-4BDA-8FDF-4E766CDD983E}"
EndProject
Project("{9A19103F-16F7-4668-BE54-9A1E7A4F7556}") = "Reborn.Utils", "Reborn.Utils\Reborn.Utils.csproj", "{536BBEEE-213F-4745-9777-5F3DFB784DF6}"
EndProject
Project("{9A19103F-16F7-4668-BE54-9A1E7A4F7556}") = "Server.Auth", "Server.Auth\Server.Auth.csproj", "{32FDF0A6-D3CD-40EB-BB8F-32B024C45711}"
EndProject
Project("{9A19103F-16F7-4668-BE54-9A1E7A4F7556}") = "Server.Lobby", "Server.Lobby\Server.Lobby.csproj", "{A7CABEAC-9EEA-4D5E-B470-F71E000022AB}"
EndProject
Project("{2150E333-8FDC-42A3-9474-1A3956D46DE8}") = "Server", "Server", "{2313E893-5295-4EA4-969F-2C13010DB009}"
EndProject
Project("{2150E333-8FDC-42A3-9474-1A3956D46DE8}") = "Tools", "Tools", "{0B9DE56A-0F22-4309-A1BF-9C171250C183}"
EndProject
Project("{FAE04EC0-301F-11D3-BF4B-00C04F79EFBC}") = "OnNet3D", "OnNet3D\OnNet3D.csproj", "{31818A68-18E3-44D2-8421-044DE9301608}"
EndProject
Project("{FAE04EC0-301F-11D3-BF4B-00C04F79EFBC}") = "OnNet3D.TestApp", "OnNet3D.TestApp\OnNet3D.TestApp.csproj", "{E871EDE8-D66F-40FB-9F07-77D9B88CACB0}"
EndProject
Project("{FAE04EC0-301F-11D3-BF4B-00C04F79EFBC}") = "Tools.ConfDecrypt", "Tools.ConfDecrypt\Tools.ConfDecrypt.csproj", "{51B91912-1855-42F9-9730-696E579E1EC6}"
EndProject
Global
	GlobalSection(SolutionConfigurationPlatforms) = preSolution
		Debug|Any CPU = Debug|Any CPU
		Release|Any CPU = Release|Any CPU
	EndGlobalSection
	GlobalSection(ProjectConfigurationPlatforms) = postSolution
		{FA813156-71DA-4BDA-8FDF-4E766CDD983E}.Debug|Any CPU.ActiveCfg = Debug|Any CPU
		{FA813156-71DA-4BDA-8FDF-4E766CDD983E}.Debug|Any CPU.Build.0 = Debug|Any CPU
		{FA813156-71DA-4BDA-8FDF-4E766CDD983E}.Release|Any CPU.ActiveCfg = Release|Any CPU
		{FA813156-71DA-4BDA-8FDF-4E766CDD983E}.Release|Any CPU.Build.0 = Release|Any CPU
		{536BBEEE-213F-4745-9777-5F3DFB784DF6}.Debug|Any CPU.ActiveCfg = Debug|Any CPU
		{536BBEEE-213F-4745-9777-5F3DFB784DF6}.Debug|Any CPU.Build.0 = Debug|Any CPU
		{536BBEEE-213F-4745-9777-5F3DFB784DF6}.Release|Any CPU.ActiveCfg = Release|Any CPU
		{536BBEEE-213F-4745-9777-5F3DFB784DF6}.Release|Any CPU.Build.0 = Release|Any CPU
		{32FDF0A6-D3CD-40EB-BB8F-32B024C45711}.Debug|Any CPU.ActiveCfg = Debug|Any CPU
		{32FDF0A6-D3CD-40EB-BB8F-32B024C45711}.Debug|Any CPU.Build.0 = Debug|Any CPU
		{32FDF0A6-D3CD-40EB-BB8F-32B024C45711}.Release|Any CPU.ActiveCfg = Release|Any CPU
		{32FDF0A6-D3CD-40EB-BB8F-32B024C45711}.Release|Any CPU.Build.0 = Release|Any CPU
		{A7CABEAC-9EEA-4D5E-B470-F71E000022AB}.Debug|Any CPU.ActiveCfg = Debug|Any CPU
		{A7CABEAC-9EEA-4D5E-B470-F71E000022AB}.Debug|Any CPU.Build.0 = Debug|Any CPU
		{A7CABEAC-9EEA-4D5E-B470-F71E000022AB}.Release|Any CPU.ActiveCfg = Release|Any CPU
		{A7CABEAC-9EEA-4D5E-B470-F71E000022AB}.Release|Any CPU.Build.0 = Release|Any CPU
		{31818A68-18E3-44D2-8421-044DE9301608}.Debug|Any CPU.ActiveCfg = Debug|Any CPU
		{31818A68-18E3-44D2-8421-044DE9301608}.Debug|Any CPU.Build.0 = Debug|Any CPU
		{31818A68-18E3-44D2-8421-044DE9301608}.Release|Any CPU.ActiveCfg = Release|Any CPU
		{31818A68-18E3-44D2-8421-044DE9301608}.Release|Any CPU.Build.0 = Release|Any CPU
		{E871EDE8-D66F-40FB-9F07-77D9B88CACB0}.Debug|Any CPU.ActiveCfg = Debug|Any CPU
		{E871EDE8-D66F-40FB-9F07-77D9B88CACB0}.Debug|Any CPU.Build.0 = Debug|Any CPU
		{E871EDE8-D66F-40FB-9F07-77D9B88CACB0}.Release|Any CPU.ActiveCfg = Release|Any CPU
		{E871EDE8-D66F-40FB-9F07-77D9B88CACB0}.Release|Any CPU.Build.0 = Release|Any CPU
		{51B91912-1855-42F9-9730-696E579E1EC6}.Debug|Any CPU.ActiveCfg = Debug|Any CPU
		{51B91912-1855-42F9-9730-696E579E1EC6}.Debug|Any CPU.Build.0 = Debug|Any CPU
		{51B91912-1855-42F9-9730-696E579E1EC6}.Release|Any CPU.ActiveCfg = Release|Any CPU
		{51B91912-1855-42F9-9730-696E579E1EC6}.Release|Any CPU.Build.0 = Release|Any CPU
	EndGlobalSection
	GlobalSection(SolutionProperties) = preSolution
		HideSolutionNode = FALSE
	EndGlobalSection
	GlobalSection(NestedProjects) = preSolution
		{FA813156-71DA-4BDA-8FDF-4E766CDD983E} = {2313E893-5295-4EA4-969F-2C13010DB009}
		{536BBEEE-213F-4745-9777-5F3DFB784DF6} = {2313E893-5295-4EA4-969F-2C13010DB009}
		{32FDF0A6-D3CD-40EB-BB8F-32B024C45711} = {2313E893-5295-4EA4-969F-2C13010DB009}
		{A7CABEAC-9EEA-4D5E-B470-F71E000022AB} = {2313E893-5295-4EA4-969F-2C13010DB009}
		{31818A68-18E3-44D2-8421-044DE9301608} = {0B9DE56A-0F22-4309-A1BF-9C171250C183}
		{E871EDE8-D66F-40FB-9F07-77D9B88CACB0} = {0B9DE56A-0F22-4309-A1BF-9C171250C183}
		{51B91912-1855-42F9-9730-696E579E1EC6} = {0B9DE56A-0F22-4309-A1BF-9C171250C183}
	EndGlobalSection
	GlobalSection(ExtensibilityGlobals) = postSolution
		SolutionGuid = {DE75E211-1417-4F83-A505-570A7111E81D}
	EndGlobalSection
EndGlobal
